
Microsoft Visual Studio Solution File, Format Version 12.00
# Visual Studio Version 16
VisualStudioVersion = 16.0.30406.217
MinimumVisualStudioVersion = 10.0.40219.1
Project("{FAE04EC0-301F-11D3-BF4B-00C04F79EFBC}") = "WebSiteOfFacilityManager", "WebSiteOfFacilityManager\WebSiteOfFacilityManager.csproj", "{EE83EBEA-E954-46BC-AE0F-9DCAF127E41A}"
EndProject
Global
	GlobalSection(SolutionConfigurationPlatforms) = preSolution
		Debug|Any CPU = Debug|Any CPU
		Release|Any CPU = Release|Any CPU
	EndGlobalSection
	GlobalSection(ProjectConfigurationPlatforms) = postSolution
		{EE83EBEA-E954-46BC-AE0F-9DCAF127E41A}.Debug|Any CPU.ActiveCfg = Debug|Any CPU
		{EE83EBEA-E954-46BC-AE0F-9DCAF127E41A}.Debug|Any CPU.Build.0 = Debug|Any CPU
		{EE83EBEA-E954-46BC-AE0F-9DCAF127E41A}.Release|Any CPU.ActiveCfg = Release|Any CPU
		{EE83EBEA-E954-46BC-AE0F-9DCAF127E41A}.Release|Any CPU.Build.0 = Release|Any CPU
	EndGlobalSection
	GlobalSection(SolutionProperties) = preSolution
		HideSolutionNode = FALSE
	EndGlobalSection
	GlobalSection(ExtensibilityGlobals) = postSolution
		SolutionGuid = {AB676A1E-E7EF-4891-9AF9-5A6BDC92F760}
	EndGlobalSection
EndGlobal
