
Microsoft Visual Studio Solution File, Format Version 12.00
# Visual Studio Version 16
VisualStudioVersion = 16.0.30406.217
MinimumVisualStudioVersion = 10.0.40219.1
Project("{FAE04EC0-301F-11D3-BF4B-00C04F79EFBC}") = "SoundSystem", "SoundSystem\SoundSystem.csproj", "{8B0C86C3-3511-4C2A-A796-8D61923E3A61}"
EndProject
Global
	GlobalSection(SolutionConfigurationPlatforms) = preSolution
		Debug|Any CPU = Debug|Any CPU
		Release|Any CPU = Release|Any CPU
	EndGlobalSection
	GlobalSection(ProjectConfigurationPlatforms) = postSolution
		{8B0C86C3-3511-4C2A-A796-8D61923E3A61}.Debug|Any CPU.ActiveCfg = Debug|Any CPU
		{8B0C86C3-3511-4C2A-A796-8D61923E3A61}.Debug|Any CPU.Build.0 = Debug|Any CPU
		{8B0C86C3-3511-4C2A-A796-8D61923E3A61}.Release|Any CPU.ActiveCfg = Release|Any CPU
		{8B0C86C3-3511-4C2A-A796-8D61923E3A61}.Release|Any CPU.Build.0 = Release|Any CPU
	EndGlobalSection
	GlobalSection(SolutionProperties) = preSolution
		HideSolutionNode = FALSE
	EndGlobalSection
	GlobalSection(ExtensibilityGlobals) = postSolution
		SolutionGuid = {4C39CBC7-0C9A-4B4F-BD81-51348043B47F}
	EndGlobalSection
EndGlobal
