
Microsoft Visual Studio Solution File, Format Version 12.00
# Visual Studio Version 16
VisualStudioVersion = 16.0.30406.217
MinimumVisualStudioVersion = 10.0.40219.1
Project("{FAE04EC0-301F-11D3-BF4B-00C04F79EFBC}") = "CustomEscape", "CustomEscape\CustomEscape.csproj", "{24662F60-BEFD-4B51-922C-14A4961D067B}"
EndProject
Global
	GlobalSection(SolutionConfigurationPlatforms) = preSolution
		Debug|Any CPU = Debug|Any CPU
		Release|Any CPU = Release|Any CPU
	EndGlobalSection
	GlobalSection(ProjectConfigurationPlatforms) = postSolution
		{24662F60-BEFD-4B51-922C-14A4961D067B}.Debug|Any CPU.ActiveCfg = Debug|Any CPU
		{24662F60-BEFD-4B51-922C-14A4961D067B}.Debug|Any CPU.Build.0 = Debug|Any CPU
		{24662F60-BEFD-4B51-922C-14A4961D067B}.Release|Any CPU.ActiveCfg = Release|Any CPU
		{24662F60-BEFD-4B51-922C-14A4961D067B}.Release|Any CPU.Build.0 = Release|Any CPU
	EndGlobalSection
	GlobalSection(SolutionProperties) = preSolution
		HideSolutionNode = FALSE
	EndGlobalSection
	GlobalSection(ExtensibilityGlobals) = postSolution
		SolutionGuid = {6DD24988-206F-4404-98E1-654AC9C65A20}
	EndGlobalSection
EndGlobal
