
Microsoft Visual Studio Solution File, Format Version 12.00
# Visual Studio Version 16
VisualStudioVersion = 16.0.30406.217
MinimumVisualStudioVersion = 10.0.40219.1
Project("{FAE04EC0-301F-11D3-BF4B-00C04F79EFBC}") = "CustomTeslaDamage", "CustomTeslaDamage\CustomTeslaDamage.csproj", "{6EEEF4ED-FD7F-48B3-974C-8A6A86FC7625}"
EndProject
Global
	GlobalSection(SolutionConfigurationPlatforms) = preSolution
		Debug|Any CPU = Debug|Any CPU
		Release|Any CPU = Release|Any CPU
	EndGlobalSection
	GlobalSection(ProjectConfigurationPlatforms) = postSolution
		{6EEEF4ED-FD7F-48B3-974C-8A6A86FC7625}.Debug|Any CPU.ActiveCfg = Debug|Any CPU
		{6EEEF4ED-FD7F-48B3-974C-8A6A86FC7625}.Debug|Any CPU.Build.0 = Debug|Any CPU
		{6EEEF4ED-FD7F-48B3-974C-8A6A86FC7625}.Release|Any CPU.ActiveCfg = Release|Any CPU
		{6EEEF4ED-FD7F-48B3-974C-8A6A86FC7625}.Release|Any CPU.Build.0 = Release|Any CPU
	EndGlobalSection
	GlobalSection(SolutionProperties) = preSolution
		HideSolutionNode = FALSE
	EndGlobalSection
	GlobalSection(ExtensibilityGlobals) = postSolution
		SolutionGuid = {CC9CBBFF-1581-4164-90A2-F7D0B66AA427}
	EndGlobalSection
EndGlobal
