
Microsoft Visual Studio Solution File, Format Version 12.00
# Visual Studio Version 16
VisualStudioVersion = 16.0.31019.35
MinimumVisualStudioVersion = 10.0.40219.1
Project("{FAE04EC0-301F-11D3-BF4B-00C04F79EFBC}") = "RPNicknames", "RPNicknames\RPNicknames.csproj", "{2B27AB0B-4172-49B7-8C54-BB280FD9B3F2}"
EndProject
Global
	GlobalSection(SolutionConfigurationPlatforms) = preSolution
		Debug|Any CPU = Debug|Any CPU
		Release|Any CPU = Release|Any CPU
	EndGlobalSection
	GlobalSection(ProjectConfigurationPlatforms) = postSolution
		{2B27AB0B-4172-49B7-8C54-BB280FD9B3F2}.Debug|Any CPU.ActiveCfg = Debug|Any CPU
		{2B27AB0B-4172-49B7-8C54-BB280FD9B3F2}.Debug|Any CPU.Build.0 = Debug|Any CPU
		{2B27AB0B-4172-49B7-8C54-BB280FD9B3F2}.Release|Any CPU.ActiveCfg = Release|Any CPU
		{2B27AB0B-4172-49B7-8C54-BB280FD9B3F2}.Release|Any CPU.Build.0 = Release|Any CPU
	EndGlobalSection
	GlobalSection(SolutionProperties) = preSolution
		HideSolutionNode = FALSE
	EndGlobalSection
	GlobalSection(ExtensibilityGlobals) = postSolution
		SolutionGuid = {3A4FDF87-30F9-45C8-AAAD-CFE91EAE929F}
	EndGlobalSection
EndGlobal
