
Microsoft Visual Studio Solution File, Format Version 12.00
# Visual Studio Version 16
VisualStudioVersion = 16.0.30330.147
MinimumVisualStudioVersion = 10.0.40219.1
Project("{FAE04EC0-301F-11D3-BF4B-00C04F79EFBC}") = "SCP173Gate", "SCP173Gate\SCP173Gate.csproj", "{BDE8B56C-CD5D-41BC-A756-12B52048353A}"
EndProject
Global
	GlobalSection(SolutionConfigurationPlatforms) = preSolution
		Debug|Any CPU = Debug|Any CPU
		Release|Any CPU = Release|Any CPU
	EndGlobalSection
	GlobalSection(ProjectConfigurationPlatforms) = postSolution
		{BDE8B56C-CD5D-41BC-A756-12B52048353A}.Debug|Any CPU.ActiveCfg = Debug|Any CPU
		{BDE8B56C-CD5D-41BC-A756-12B52048353A}.Debug|Any CPU.Build.0 = Debug|Any CPU
		{BDE8B56C-CD5D-41BC-A756-12B52048353A}.Release|Any CPU.ActiveCfg = Release|Any CPU
		{BDE8B56C-CD5D-41BC-A756-12B52048353A}.Release|Any CPU.Build.0 = Release|Any CPU
	EndGlobalSection
	GlobalSection(SolutionProperties) = preSolution
		HideSolutionNode = FALSE
	EndGlobalSection
	GlobalSection(ExtensibilityGlobals) = postSolution
		SolutionGuid = {A0232E31-8A1D-4EDD-B727-ADF5EFA10523}
	EndGlobalSection
EndGlobal
